
Microsoft Visual Studio Solution File, Format Version 12.00
# Visual Studio Version 17
VisualStudioVersion = 17.10.34916.146
MinimumVisualStudioVersion = 10.0.40219.1
Project("{FAE04EC0-301F-11D3-BF4B-00C04F79EFBC}") = "GenerateQue", "GenerateQue\GenerateQue.csproj", "{EC8409DE-A3EE-4A8F-AF8D-2A7EF4B51898}"
EndProject
Global
	GlobalSection(SolutionConfigurationPlatforms) = preSolution
		Debug|Any CPU = Debug|Any CPU
		Release|Any CPU = Release|Any CPU
	EndGlobalSection
	GlobalSection(ProjectConfigurationPlatforms) = postSolution
		{EC8409DE-A3EE-4A8F-AF8D-2A7EF4B51898}.Debug|Any CPU.ActiveCfg = Debug|Any CPU
		{EC8409DE-A3EE-4A8F-AF8D-2A7EF4B51898}.Debug|Any CPU.Build.0 = Debug|Any CPU
		{EC8409DE-A3EE-4A8F-AF8D-2A7EF4B51898}.Release|Any CPU.ActiveCfg = Release|Any CPU
		{EC8409DE-A3EE-4A8F-AF8D-2A7EF4B51898}.Release|Any CPU.Build.0 = Release|Any CPU
	EndGlobalSection
	GlobalSection(SolutionProperties) = preSolution
		HideSolutionNode = FALSE
	EndGlobalSection
	GlobalSection(ExtensibilityGlobals) = postSolution
		SolutionGuid = {86EBF85B-E788-4B4A-8720-69B198A84DE6}
	EndGlobalSection
EndGlobal
